{
  "name": "slang",
  "version": "0.0.1",
  "lockfileVersion": 1,
  "requires": true,
  "dependencies": {
    "@types/acorn": {
      "version": "4.0.3",
      "resolved": "https://registry.npmjs.org/@types/acorn/-/acorn-4.0.3.tgz",
      "integrity": "sha512-gou/kWQkGPMZjdCKNZGDpqxLm9+ErG/pFZKPX4tvCjr0Xf4FCYYX3nAsu7aDVKJV3KUe27+mvqqyWT/9VZoM/A==",
      "requires": {
        "@types/estree": "0.0.37"
      }
    },
    "@types/common-tags": {
      "version": "1.4.0",
      "resolved": "https://registry.npmjs.org/@types/common-tags/-/common-tags-1.4.0.tgz",
      "integrity": "sha512-HI1tSO87vmd1sPS3DOVSK4gvVKROvCBFvAnXlLiQtAus/+1xXMQcNyu9TX2ChwRXFeQZeB9+f+nMo99xLd5DdA=="
    },
    "@types/estree": {
      "version": "0.0.37",
      "resolved": "https://registry.npmjs.org/@types/estree/-/estree-0.0.37.tgz",
      "integrity": "sha512-1IT6vNpmU9w18P3v6mN9idv18z5KPVTi4t7+rU9VLnkxo0LCam8IXy/eSVzOaQ1Wpabra2cN3A8K/SliPK/Suw=="
    },
    "@types/invariant": {
      "version": "2.2.29",
      "resolved": "https://registry.npmjs.org/@types/invariant/-/invariant-2.2.29.tgz",
      "integrity": "sha512-lRVw09gOvgviOfeUrKc/pmTiRZ7g7oDOU6OAutyuSHpm1/o2RaBQvRhgK8QEdu+FFuw/wnWb29A/iuxv9i8OpQ=="
    },
    "acorn": {
      "version": "5.5.0",
      "resolved": "https://registry.npmjs.org/acorn/-/acorn-5.5.0.tgz",
      "integrity": "sha512-arn53F07VXmls4o4pUhSzBa4fvaagPRe7AVZ8l7NHxFWUie2DsuFSBMMNAkgzRlOhEhzAnxeKyaWVzOH4xqp/g=="
    },
    "astring": {
      "version": "1.2.0",
      "resolved": "https://registry.npmjs.org/astring/-/astring-1.2.0.tgz",
      "integrity": "sha512-k56RHONVedeLvo2bOh640l6Hn5MtnDFLPsRFq4L5O6ts7mJNBGssYA32ju8LXBIqXk9zY12iKY6m2dnW0qGH/g=="
    },
    "babel-runtime": {
      "version": "6.26.0",
      "resolved": "https://registry.npmjs.org/babel-runtime/-/babel-runtime-6.26.0.tgz",
      "integrity": "sha1-llxwWGaOgrVde/4E/yM3vItWR/4=",
      "requires": {
        "core-js": "2.5.3",
        "regenerator-runtime": "0.11.1"
      }
    },
    "commander": {
      "version": "2.14.1",
      "resolved": "https://registry.npmjs.org/commander/-/commander-2.14.1.tgz",
      "integrity": "sha512-+YR16o3rK53SmWHU3rEM3tPAh2rwb1yPcQX5irVn7mb0gXbwuCCrnkbV5+PBfETdfg1vui07nM6PCG1zndcjQw=="
    },
    "common-tags": {
      "version": "1.7.2",
      "resolved": "https://registry.npmjs.org/common-tags/-/common-tags-1.7.2.tgz",
      "integrity": "sha512-joj9ZlUOjCrwdbmiLqafeUSgkUM74NqhLsZtSqDmhKudaIY197zTrb8JMl31fMnCUuxwFT23eC/oWvrZzDLRJQ==",
      "requires": {
        "babel-runtime": "6.26.0"
      }
    },
    "core-js": {
      "version": "2.5.3",
      "resolved": "https://registry.npmjs.org/core-js/-/core-js-2.5.3.tgz",
      "integrity": "sha1-isw4NFgk8W2DZbfJtCWRaOjtYD4="
    },
    "invariant": {
      "version": "2.2.3",
      "resolved": "https://registry.npmjs.org/invariant/-/invariant-2.2.3.tgz",
      "integrity": "sha512-7Z5PPegwDTyjbaeCnV0efcyS6vdKAU51kpEmS7QFib3P4822l8ICYyMn7qvJnc+WzLoDsuI9gPMKbJ8pCu8XtA==",
      "requires": {
        "loose-envify": "1.3.1"
      }
    },
    "js-tokens": {
      "version": "3.0.2",
      "resolved": "https://registry.npmjs.org/js-tokens/-/js-tokens-3.0.2.tgz",
      "integrity": "sha1-mGbfOVECEw449/mWvOtlRDIJwls="
    },
    "loose-envify": {
      "version": "1.3.1",
      "resolved": "https://registry.npmjs.org/loose-envify/-/loose-envify-1.3.1.tgz",
      "integrity": "sha1-0aitM/qc4OcT1l/dCsi3SNR4yEg=",
      "requires": {
        "js-tokens": "3.0.2"
      }
    },
    "regenerator-runtime": {
      "version": "0.11.1",
      "resolved": "https://registry.npmjs.org/regenerator-runtime/-/regenerator-runtime-0.11.1.tgz",
      "integrity": "sha512-MguG95oij0fC3QV3URf4V2SDYGJhJnJGqvIIgdECeODCT98wSWDAJ94SSuVpYQUoTcGUIL6L4yNB7j1DFFHSBg=="
    }
  }
}
