# This file is generated by running "yarn install" inside your project.
# Manual changes might be lost - proceed with caution!

__metadata:
  version: 8
  cacheKey: 10c0

"@joeychenofficial/alt-ergo-modified@npm:^2.4.0":
  version: 2.4.0
  resolution: "@joeychenofficial/alt-ergo-modified@npm:2.4.0"
  checksum: 10c0/b6587dac0a76331602984ed61e482c2f7af2920d7069c873024bbc7575809ef440c7b91a7fb9a144b54abe98dd1d38a942e57f4476a0736a661c79bd66c176fa
  languageName: node
  linkType: hard

"@types/estree@npm:0.0.52":
  version: 0.0.52
  resolution: "@types/estree@npm:0.0.52"
  checksum: 10c0/b17e29cd6335c96d915cc4cda8c04e2c87e47bb97d9cd86094cf0465688d6caffa6e45b37fd3ce90f149af56b7ab8ca8a7947981d9749e18caeb3a56ae9be444
  languageName: node
  linkType: hard

"acorn-loose@npm:^8.0.0":
  version: 8.3.0
  resolution: "acorn-loose@npm:8.3.0"
  dependencies:
    acorn: "npm:^8.5.0"
  checksum: 10c0/970f790a584a2f1703a04711cdc588f424fd7bc2fb37ad8e0b9d6ceaf9c8c6a77f9ce102ce5250259fc96aedbdf346546ed1b496299bc13ed4d1b6fdb2d92f61
  languageName: node
  linkType: hard

"acorn-walk@npm:^8.0.0":
  version: 8.2.0
  resolution: "acorn-walk@npm:8.2.0"
  checksum: 10c0/dbe92f5b2452c93e960c5594e666dd1fae141b965ff2cb4a1e1d0381e3e4db4274c5ce4ffa3d681a86ca2a8d4e29d5efc0670a08e23fd2800051ea387df56ca2
  languageName: node
  linkType: hard

"acorn@npm:^8.0.3, acorn@npm:^8.5.0":
  version: 8.8.0
  resolution: "acorn@npm:8.8.0"
  bin:
    acorn: bin/acorn
  checksum: 10c0/5efce4f59554e0ab766f32932cba34b86cc2ecdf24fcd27463beff41d8a1b1b9575c21f92c1b9f7f82b93374a9d5aed33c91f93e2d0cb1bdf3f1e06ec131e816
  languageName: node
  linkType: hard

"astring@npm:^1.4.3":
  version: 1.8.3
  resolution: "astring@npm:1.8.3"
  bin:
    astring: bin/astring
  checksum: 10c0/76e8233ad2586d31f19fac4cdaa5b2d82cb7419dd68d60f8b2641f0dd6dfe0302b2160dae910d5a8cc00e4a381eb4928b6553272f80078ac1ba186d270a745d4
  languageName: node
  linkType: hard

"lodash@npm:^4.17.20":
  version: 4.17.21
  resolution: "lodash@npm:4.17.21"
  checksum: 10c0/d8cbea072bb08655bb4c989da418994b073a608dffa608b09ac04b43a791b12aeae7cd7ad919aa4c925f33b48490b5cfe6c1f71d827956071dae2e7bb3a6b74c
  languageName: node
  linkType: hard

"sicp@workspace:.":
  version: 0.0.0-use.local
  resolution: "sicp@workspace:."
  dependencies:
    "@joeychenofficial/alt-ergo-modified": "npm:^2.4.0"
    "@types/estree": "npm:0.0.52"
    acorn: "npm:^8.0.3"
    acorn-loose: "npm:^8.0.0"
    acorn-walk: "npm:^8.0.0"
    astring: "npm:^1.4.3"
    lodash: "npm:^4.17.20"
    source-map: "npm:^0.7.3"
    xmlhttprequest-ts: "npm:^1.0.1"
  languageName: unknown
  linkType: soft

"source-map@npm:^0.7.3":
  version: 0.7.4
  resolution: "source-map@npm:0.7.4"
  checksum: 10c0/dc0cf3768fe23c345ea8760487f8c97ef6fca8a73c83cd7c9bf2fde8bc2c34adb9c0824d6feb14bc4f9e37fb522e18af621543f1289038a66ac7586da29aa7dc
  languageName: node
  linkType: hard

"tslib@npm:^1.9.2":
  version: 1.14.1
  resolution: "tslib@npm:1.14.1"
  checksum: 10c0/69ae09c49eea644bc5ebe1bca4fa4cc2c82b7b3e02f43b84bd891504edf66dbc6b2ec0eef31a957042de2269139e4acff911e6d186a258fb14069cd7f6febce2
  languageName: node
  linkType: hard

"xmlhttprequest-ts@npm:^1.0.1":
  version: 1.0.1
  resolution: "xmlhttprequest-ts@npm:1.0.1"
  dependencies:
    tslib: "npm:^1.9.2"
  peerDependencies:
    "@angular/common": ">= 5.0.0"
    "@angular/core": ">= 5.0.0"
  checksum: 10c0/5ef31a94ed2cd94bfa6d5d7024cfb20253813c48ab94b7b5cea1b7e0bcbcc3bb51a53bc8eaca52642c93229507de4f95624b0dd339156c31533f3dc617e7240f
  languageName: node
  linkType: hard
